
Microsoft Visual Studio Solution File, Format Version 12.00
# Visual Studio Version 17
VisualStudioVersion = 17.6.33815.320
MinimumVisualStudioVersion = 10.0.40219.1
Project("{FAE04EC0-301F-11D3-BF4B-00C04F79EFBC}") = "FindMeARoomMate", "FindMeARoomMate\FindMeARoomMate.csproj", "{4E6340D2-4B68-4020-9CA8-AA6B162F99B1}"
EndProject
Global
	GlobalSection(SolutionConfigurationPlatforms) = preSolution
		Debug|Any CPU = Debug|Any CPU
		Release|Any CPU = Release|Any CPU
	EndGlobalSection
	GlobalSection(ProjectConfigurationPlatforms) = postSolution
		{4E6340D2-4B68-4020-9CA8-AA6B162F99B1}.Debug|Any CPU.ActiveCfg = Debug|Any CPU
		{4E6340D2-4B68-4020-9CA8-AA6B162F99B1}.Debug|Any CPU.Build.0 = Debug|Any CPU
		{4E6340D2-4B68-4020-9CA8-AA6B162F99B1}.Release|Any CPU.ActiveCfg = Release|Any CPU
		{4E6340D2-4B68-4020-9CA8-AA6B162F99B1}.Release|Any CPU.Build.0 = Release|Any CPU
	EndGlobalSection
	GlobalSection(SolutionProperties) = preSolution
		HideSolutionNode = FALSE
	EndGlobalSection
	GlobalSection(ExtensibilityGlobals) = postSolution
		SolutionGuid = {C5680564-7704-47BD-87BF-60D4ECE66547}
	EndGlobalSection
EndGlobal
